
Microsoft Visual Studio Solution File, Format Version 12.00
# Visual Studio Version 17
VisualStudioVersion = 17.9.34622.214
MinimumVisualStudioVersion = 10.0.40219.1
Project("{FAE04EC0-301F-11D3-BF4B-00C04F79EFBC}") = "Tic Tac", "Tic Tac\Tic Tac.csproj", "{317588F6-2396-4BD1-B021-4E66B9634C93}"
EndProject
Global
	GlobalSection(SolutionConfigurationPlatforms) = preSolution
		Debug|Any CPU = Debug|Any CPU
		Release|Any CPU = Release|Any CPU
	EndGlobalSection
	GlobalSection(ProjectConfigurationPlatforms) = postSolution
		{317588F6-2396-4BD1-B021-4E66B9634C93}.Debug|Any CPU.ActiveCfg = Debug|Any CPU
		{317588F6-2396-4BD1-B021-4E66B9634C93}.Debug|Any CPU.Build.0 = Debug|Any CPU
		{317588F6-2396-4BD1-B021-4E66B9634C93}.Release|Any CPU.ActiveCfg = Release|Any CPU
		{317588F6-2396-4BD1-B021-4E66B9634C93}.Release|Any CPU.Build.0 = Release|Any CPU
	EndGlobalSection
	GlobalSection(SolutionProperties) = preSolution
		HideSolutionNode = FALSE
	EndGlobalSection
	GlobalSection(ExtensibilityGlobals) = postSolution
		SolutionGuid = {3E67CBD2-CBC4-452E-9913-529E370372BF}
	EndGlobalSection
EndGlobal
